{
    "_meta": {
        "hash": {
            "sha256": "c64b3fc63f91e330bc72edaf220634b7fdd78637b5c6ba6eb5f07458a9050919"
        },
        "pipfile-spec": 6,
        "requires": {
            "python_version": "3.6"
        },
        "sources": [
            {
                "name": "pypi",
                "url": "https://pypi.python.org/simple",
                "verify_ssl": true
            }
        ]
    },
    "default": {
        "jinja2": {
            "hashes": [
                "sha256:74c935a1b8bb9a3947c50a54766a969d4846290e1e788ea44c1392163723c3bd",
                "sha256:f84be1bb0040caca4cea721fcbbbbd61f9be9464ca236387158b0feea01914a4"
            ],
            "version": "==2.10"
        },
        "markupsafe": {
            "hashes": [
                "sha256:a6be69091dac236ea9c6bc7d012beab42010fa914c459791d627dad4910eb665"
            ],
            "version": "==1.0"
        },
        "ruamel.yaml": {
            "hashes": [
                "sha256:01e30ecb1b1c0ebf9fce814dc20dace402571517277799291202b61b22096c24",
                "sha256:02babffd019911841ba01b76e23dfec7c9e9b2725503fb2698c4982fa1a6e835",
                "sha256:072f6364a89972e8dc0afdce3335a709d5464dfeaa4f736d092a54574338b874",
                "sha256:14d161558e3bf89e87d77c218098be22fa9a0d6d0bea40250fce525b1d0cbee2",
                "sha256:5504398fc755a2b14c9983b2101161a8591a4b30812590cc1c365e7fcc117dfa",
                "sha256:68c8f2986bcb91b6db1aea8698941769840c7257e951a9377048f7eff35be773",
                "sha256:6d05c5a5baf829c70916c226ef3200650846a7227de226bca8a59efaf88bb973",
                "sha256:6d7929b24e329d662fa43b657fddfee5260e2d35d0a543065cd755d4e17a9b2f",
                "sha256:8dc74821e4bb6b21fb1ab35964e159391d99ee44981d07d57bf96e2395f3ef75",
                "sha256:9225c83952d28f302cfc23c3d9a6f8231bfd581476d7aff1e3c7de49eecb4ee9",
                "sha256:b6c5d5f03ba78e3f27c7188a00c4e09b6a4507fe3154ba40a294e09cb30ee016",
                "sha256:c0908896e34b617ead40552cab03c1769bdc43d1da02419160dc900c5dfddde2",
                "sha256:c41e04b526d0153c9246cfab87d7ddefdc9f165cb8886a8ec48ba7a2b73069f6",
                "sha256:e2d2715bf92156bec5fb42e92e95dac1c4d9904f8a3d4e2d0c438758fe9092d7",
                "sha256:e3bbfe0d294e08fdbb0cb05485435a2ceb4e168e98b5dc611f051c1864986b4b",
                "sha256:f2d02a4af5a13b09d0b823cdd0317b54f3e0115e50b5ac4d9840c3a1b566817f",
                "sha256:fcfc24a21594c071cc4588e84b7657a1f47ebcf6037c6c43fa15c4bbd3989ec2"
            ],
            "version": "==0.15.35"
        }
    },
    "develop": {}
}
